// !$*UTF8*$!
{
	archiveVersion = 1;
	classes = {
	};
	objectVersion = 50;
	objects = {

/* Begin PBXBuildFile section */
		8DFFFDFA22C1A2DA00BD6509 /* AppDelegate.swift in Sources */ = {isa = PBXBuildFile; fileRef = 8DFFFDF922C1A2DA00BD6509 /* AppDelegate.swift */; };
		8DFFFDFC22C1A2DA00BD6509 /* SceneDelegate.swift in Sources */ = {isa = PBXBuildFile; fileRef = 8DFFFDFB22C1A2DA00BD6509 /* SceneDelegate.swift */; };
		8DFFFDFE22C1A2DA00BD6509 /* ViewController.swift in Sources */ = {isa = PBXBuildFile; fileRef = 8DFFFDFD22C1A2DA00BD6509 /* ViewController.swift */; };
		8DFFFE0122C1A2DA00BD6509 /* Main.storyboard in Resources */ = {isa = PBXBuildFile; fileRef = 8DFFFDFF22C1A2DA00BD6509 /* Main.storyboard */; };
		8DFFFE0322C1A2DC00BD6509 /* Assets.xcassets in Resources */ = {isa = PBXBuildFile; fileRef = 8DFFFE0222C1A2DC00BD6509 /* Assets.xcassets */; };
		8DFFFE0622C1A2DC00BD6509 /* LaunchScreen.storyboard in Resources */ = {isa = PBXBuildFile; fileRef = 8DFFFE0422C1A2DC00BD6509 /* LaunchScreen.storyboard */; };
/* End PBXBuildFile section */

/* Begin PBXFileReference section */
		8DFFFDF622C1A2DA00BD6509 /* IntroducingCombine.app */ = {isa = PBXFileReference; explicitFileType = wrapper.application; includeInIndex = 0; path = IntroducingCombine.app; sourceTree = BUILT_PRODUCTS_DIR; };
		8DFFFDF922C1A2DA00BD6509 /* AppDelegate.swift */ = {isa = PBXFileReference; lastKnownFileType = sourcecode.swift; path = AppDelegate.swift; sourceTree = "<group>"; };
		8DFFFDFB22C1A2DA00BD6509 /* SceneDelegate.swift */ = {isa = PBXFileReference; lastKnownFileType = sourcecode.swift; path = SceneDelegate.swift; sourceTree = "<group>"; };
		8DFFFDFD22C1A2DA00BD6509 /* ViewController.swift */ = {isa = PBXFileReference; lastKnownFileType = sourcecode.swift; path = ViewController.swift; sourceTree = "<group>"; };
		8DFFFE0022C1A2DA00BD6509 /* Base */ = {isa = PBXFileReference; lastKnownFileType = file.storyboard; name = Base; path = Base.lproj/Main.storyboard; sourceTree = "<group>"; };
		8DFFFE0222C1A2DC00BD6509 /* Assets.xcassets */ = {isa = PBXFileReference; lastKnownFileType = folder.assetcatalog; path = Assets.xcassets; sourceTree = "<group>"; };
		8DFFFE0522C1A2DC00BD6509 /* Base */ = {isa = PBXFileReference; lastKnownFileType = file.storyboard; name = Base; path = Base.lproj/LaunchScreen.storyboard; sourceTree = "<group>"; };
		8DFFFE0722C1A2DC00BD6509 /* Info.plist */ = {isa = PBXFileReference; lastKnownFileType = text.plist.xml; path = Info.plist; sourceTree = "<group>"; };
/* End PBXFileReference section */

/* Begin PBXFrameworksBuildPhase section */
		8DFFFDF322C1A2DA00BD6509 /* Frameworks */ = {
			isa = PBXFrameworksBuildPhase;
			buildActionMask = 2147483647;
			files = (
			);
			runOnlyForDeploymentPostprocessing = 0;
		};
/* End PBXFrameworksBuildPhase section */

/* Begin PBXGroup section */
		8DFFFDED22C1A2DA00BD6509 = {
			isa = PBXGroup;
			children = (
				8DFFFDF822C1A2DA00BD6509 /* IntroducingCombine */,
				8DFFFDF722C1A2DA00BD6509 /* Products */,
			);
			sourceTree = "<group>";
		};
		8DFFFDF722C1A2DA00BD6509 /* Products */ = {
			isa = PBXGroup;
			children = (
				8DFFFDF622C1A2DA00BD6509 /* IntroducingCombine.app */,
			);
			name = Products;
			sourceTree = "<group>";
		};
		8DFFFDF822C1A2DA00BD6509 /* IntroducingCombine */ = {
			isa = PBXGroup;
			children = (
				8DFFFDF922C1A2DA00BD6509 /* AppDelegate.swift */,
				8DFFFDFB22C1A2DA00BD6509 /* SceneDelegate.swift */,
				8DFFFDFD22C1A2DA00BD6509 /* ViewController.swift */,
				8DFFFDFF22C1A2DA00BD6509 /* Main.storyboard */,
				8DFFFE0222C1A2DC00BD6509 /* Assets.xcassets */,
				8DFFFE0422C1A2DC00BD6509 /* LaunchScreen.storyboard */,
				8DFFFE0722C1A2DC00BD6509 /* Info.plist */,
			);
			path = IntroducingCombine;
			sourceTree = "<group>";
		};
/* End PBXGroup section */

/* Begin PBXNativeTarget section */
		8DFFFDF522C1A2DA00BD6509 /* IntroducingCombine */ = {
			isa = PBXNativeTarget;
			buildConfigurationList = 8DFFFE0A22C1A2DC00BD6509 /* Build configuration list for PBXNativeTarget "IntroducingCombine" */;
			buildPhases = (
				8DFFFDF222C1A2DA00BD6509 /* Sources */,
				8DFFFDF322C1A2DA00BD6509 /* Frameworks */,
				8DFFFDF422C1A2DA00BD6509 /* Resources */,
			);
			buildRules = (
			);
			dependencies = (
			);
			name = IntroducingCombine;
			productName = IntroducingCombine;
			productReference = 8DFFFDF622C1A2DA00BD6509 /* IntroducingCombine.app */;
			productType = "com.apple.product-type.application";
		};
/* End PBXNativeTarget section */

/* Begin PBXProject section */
		8DFFFDEE22C1A2DA00BD6509 /* Project object */ = {
			isa = PBXProject;
			attributes = {
				LastSwiftUpdateCheck = 1100;
				LastUpgradeCheck = 1100;
				ORGANIZATIONNAME = "Travis Smith";
				TargetAttributes = {
					8DFFFDF522C1A2DA00BD6509 = {
						CreatedOnToolsVersion = 11.0;
					};
				};
			};
			buildConfigurationList = 8DFFFDF122C1A2DA00BD6509 /* Build configuration list for PBXProject "IntroducingCombine" */;
			compatibilityVersion = "Xcode 9.3";
			developmentRegion = en;
			hasScannedForEncodings = 0;
			knownRegions = (
				en,
				Base,
			);
			mainGroup = 8DFFFDED22C1A2DA00BD6509;
			productRefGroup = 8DFFFDF722C1A2DA00BD6509 /* Products */;
			projectDirPath = "";
			projectRoot = "";
			targets = (
				8DFFFDF522C1A2DA00BD6509 /* IntroducingCombine */,
			);
		};
/* End PBXProject section */

/* Begin PBXResourcesBuildPhase section */
		8DFFFDF422C1A2DA00BD6509 /* Resources */ = {
			isa = PBXResourcesBuildPhase;
			buildActionMask = 2147483647;
			files = (
				8DFFFE0622C1A2DC00BD6509 /* LaunchScreen.storyboard in Resources */,
				8DFFFE0322C1A2DC00BD6509 /* Assets.xcassets in Resources */,
				8DFFFE0122C1A2DA00BD6509 /* Main.storyboard in Resources */,
			);
			runOnlyForDeploymentPostprocessing = 0;
		};
/* End PBXResourcesBuildPhase section */

/* Begin PBXSourcesBuildPhase section */
		8DFFFDF222C1A2DA00BD6509 /* Sources */ = {
			isa = PBXSourcesBuildPhase;
			buildActionMask = 2147483647;
			files = (
				8DFFFDFE22C1A2DA00BD6509 /* ViewController.swift in Sources */,
				8DFFFDFA22C1A2DA00BD6509 /* AppDelegate.swift in Sources */,
				8DFFFDFC22C1A2DA00BD6509 /* SceneDelegate.swift in Sources */,
			);
			runOnlyForDeploymentPostprocessing = 0;
		};
/* End PBXSourcesBuildPhase section */

/* Begin PBXVariantGroup section */
		8DFFFDFF22C1A2DA00BD6509 /* Main.storyboard */ = {
			isa = PBXVariantGroup;
			children = (
				8DFFFE0022C1A2DA00BD6509 /* Base */,
			);
			name = Main.storyboard;
			sourceTree = "<group>";
		};
		8DFFFE0422C1A2DC00BD6509 /* LaunchScreen.storyboard */ = {
			isa = PBXVariantGroup;
			children = (
				8DFFFE0522C1A2DC00BD6509 /* Base */,
			);
			name = LaunchScreen.storyboard;
			sourceTree = "<group>";
		};
/* End PBXVariantGroup section */

/* Begin XCBuildConfiguration section */
		8DFFFE0822C1A2DC00BD6509 /* Debug */ = {
			isa = XCBuildConfiguration;
			buildSettings = {
				ALWAYS_SEARCH_USER_PATHS = NO;
				CLANG_ANALYZER_NONNULL = YES;
				CLANG_ANALYZER_NUMBER_OBJECT_CONVERSION = YES_AGGRESSIVE;
				CLANG_CXX_LANGUAGE_STANDARD = "gnu++14";
				CLANG_CXX_LIBRARY = "libc++";
				CLANG_ENABLE_MODULES = YES;
				CLANG_ENABLE_OBJC_ARC = YES;
				CLANG_ENABLE_OBJC_WEAK = YES;
				CLANG_WARN_BLOCK_CAPTURE_AUTORELEASING = YES;
				CLANG_WARN_BOOL_CONVERSION = YES;
				CLANG_WARN_COMMA = YES;
				CLANG_WARN_CONSTANT_CONVERSION = YES;
				CLANG_WARN_DEPRECATED_OBJC_IMPLEMENTATIONS = YES;
				CLANG_WARN_DIRECT_OBJC_ISA_USAGE = YES_ERROR;
				CLANG_WARN_DOCUMENTATION_COMMENTS = YES;
				CLANG_WARN_EMPTY_BODY = YES;
				CLANG_WARN_ENUM_CONVERSION = YES;
				CLANG_WARN_INFINITE_RECURSION = YES;
				CLANG_WARN_INT_CONVERSION = YES;
				CLANG_WARN_NON_LITERAL_NULL_CONVERSION = YES;
				CLANG_WARN_OBJC_IMPLICIT_RETAIN_SELF = YES;
				CLANG_WARN_OBJC_LITERAL_CONVERSION = YES;
				CLANG_WARN_OBJC_ROOT_CLASS = YES_ERROR;
				CLANG_WARN_RANGE_LOOP_ANALYSIS = YES;
				CLANG_WARN_STRICT_PROTOTYPES = YES;
				CLANG_WARN_SUSPICIOUS_MOVE = YES;
				CLANG_WARN_UNGUARDED_AVAILABILITY = YES_AGGRESSIVE;
				CLANG_WARN_UNREACHABLE_CODE = YES;
				CLANG_WARN__DUPLICATE_METHOD_MATCH = YES;
				COPY_PHASE_STRIP = NO;
				DEBUG_INFORMATION_FORMAT = dwarf;
				ENABLE_STRICT_OBJC_MSGSEND = YES;
				ENABLE_TESTABILITY = YES;
				GCC_C_LANGUAGE_STANDARD = gnu11;
				GCC_DYNAMIC_NO_PIC = NO;
				GCC_NO_COMMON_BLOCKS = YES;
				GCC_OPTIMIZATION_LEVEL = 0;
				GCC_PREPROCESSOR_DEFINITIONS = (
					"DEBUG=1",
					"$(inherited)",
				);
				GCC_WARN_64_TO_32_BIT_CONVERSION = YES;
				GCC_WARN_ABOUT_RETURN_TYPE = YES_ERROR;
				GCC_WARN_UNDECLARED_SELECTOR = YES;
				GCC_WARN_UNINITIALIZED_AUTOS = YES_AGGRESSIVE;
				GCC_WARN_UNUSED_FUNCTION = YES;
				GCC_WARN_UNUSED_VARIABLE = YES;
				IPHONEOS_DEPLOYMENT_TARGET = 13.0;
				MTL_ENABLE_DEBUG_INFO = INCLUDE_SOURCE;
				MTL_FAST_MATH = YES;
				ONLY_ACTIVE_ARCH = YES;
				SDKROOT = iphoneos;
				SWIFT_ACTIVE_COMPILATION_CONDITIONS = DEBUG;
				SWIFT_OPTIMIZATION_LEVEL = "-Onone";
			};
			name = Debug;
		};
		8DFFFE0922C1A2DC00BD6509 /* Release */ = {
			isa = XCBuildConfiguration;
			buildSettings = {
				ALWAYS_SEARCH_USER_PATHS = NO;
				CLANG_ANALYZER_NONNULL = YES;
				CLANG_ANALYZER_NUMBER_OBJECT_CONVERSION = YES_AGGRESSIVE;
				CLANG_CXX_LANGUAGE_STANDARD = "gnu++14";
				CLANG_CXX_LIBRARY = "libc++";
				CLANG_ENABLE_MODULES = YES;
				CLANG_ENABLE_OBJC_ARC = YES;
				CLANG_ENABLE_OBJC_WEAK = YES;
				CLANG_WARN_BLOCK_CAPTURE_AUTORELEASING = YES;
				CLANG_WARN_BOOL_CONVERSION = YES;
				CLANG_WARN_COMMA = YES;
				CLANG_WARN_CONSTANT_CONVERSION = YES;
				CLANG_WARN_DEPRECATED_OBJC_IMPLEMENTATIONS = YES;
				CLANG_WARN_DIRECT_OBJC_ISA_USAGE = YES_ERROR;
				CLANG_WARN_DOCUMENTATION_COMMENTS = YES;
				CLANG_WARN_EMPTY_BODY = YES;
				CLANG_WARN_ENUM_CONVERSION = YES;
				CLANG_WARN_INFINITE_RECURSION = YES;
				CLANG_WARN_INT_CONVERSION = YES;
				CLANG_WARN_NON_LITERAL_NULL_CONVERSION = YES;
				CLANG_WARN_OBJC_IMPLICIT_RETAIN_SELF = YES;
				CLANG_WARN_OBJC_LITERAL_CONVERSION = YES;
				CLANG_WARN_OBJC_ROOT_CLASS = YES_ERROR;
				CLANG_WARN_RANGE_LOOP_ANALYSIS = YES;
				CLANG_WARN_STRICT_PROTOTYPES = YES;
				CLANG_WARN_SUSPICIOUS_MOVE = YES;
				CLANG_WARN_UNGUARDED_AVAILABILITY = YES_AGGRESSIVE;
				CLANG_WARN_UNREACHABLE_CODE = YES;
				CLANG_WARN__DUPLICATE_METHOD_MATCH = YES;
				COPY_PHASE_STRIP = NO;
				DEBUG_INFORMATION_FORMAT = "dwarf-with-dsym";
				ENABLE_NS_ASSERTIONS = NO;
				ENABLE_STRICT_OBJC_MSGSEND = YES;
				GCC_C_LANGUAGE_STANDARD = gnu11;
				GCC_NO_COMMON_BLOCKS = YES;
				GCC_WARN_64_TO_32_BIT_CONVERSION = YES;
				GCC_WARN_ABOUT_RETURN_TYPE = YES_ERROR;
				GCC_WARN_UNDECLARED_SELECTOR = YES;
				GCC_WARN_UNINITIALIZED_AUTOS = YES_AGGRESSIVE;
				GCC_WARN_UNUSED_FUNCTION = YES;
				GCC_WARN_UNUSED_VARIABLE = YES;
				IPHONEOS_DEPLOYMENT_TARGET = 13.0;
				MTL_ENABLE_DEBUG_INFO = NO;
				MTL_FAST_MATH = YES;
				SDKROOT = iphoneos;
				SWIFT_COMPILATION_MODE = wholemodule;
				SWIFT_OPTIMIZATION_LEVEL = "-O";
				VALIDATE_PRODUCT = YES;
			};
			name = Release;
		};
		8DFFFE0B22C1A2DC00BD6509 /* Debug */ = {
			isa = XCBuildConfiguration;
			buildSettings = {
				ASSETCATALOG_COMPILER_APPICON_NAME = AppIcon;
				CODE_SIGN_STYLE = Automatic;
				DEVELOPMENT_TEAM = JXBS78USJQ;
				INFOPLIST_FILE = IntroducingCombine/Info.plist;
				LD_RUNPATH_SEARCH_PATHS = (
					"$(inherited)",
					"@executable_path/Frameworks",
				);
				PRODUCT_BUNDLE_IDENTIFIER = com.iamtravisjsmith.IntroducingCombine;
				PRODUCT_NAME = "$(TARGET_NAME)";
				SWIFT_VERSION = 5.0;
				TARGETED_DEVICE_FAMILY = "1,2";
			};
			name = Debug;
		};
		8DFFFE0C22C1A2DC00BD6509 /* Release */ = {
			isa = XCBuildConfiguration;
			buildSettings = {
				ASSETCATALOG_COMPILER_APPICON_NAME = AppIcon;
				CODE_SIGN_STYLE = Automatic;
				DEVELOPMENT_TEAM = JXBS78USJQ;
				INFOPLIST_FILE = IntroducingCombine/Info.plist;
				LD_RUNPATH_SEARCH_PATHS = (
					"$(inherited)",
					"@executable_path/Frameworks",
				);
				PRODUCT_BUNDLE_IDENTIFIER = com.iamtravisjsmith.IntroducingCombine;
				PRODUCT_NAME = "$(TARGET_NAME)";
				SWIFT_VERSION = 5.0;
				TARGETED_DEVICE_FAMILY = "1,2";
			};
			name = Release;
		};
/* End XCBuildConfiguration section */

/* Begin XCConfigurationList section */
		8DFFFDF122C1A2DA00BD6509 /* Build configuration list for PBXProject "IntroducingCombine" */ = {
			isa = XCConfigurationList;
			buildConfigurations = (
				8DFFFE0822C1A2DC00BD6509 /* Debug */,
				8DFFFE0922C1A2DC00BD6509 /* Release */,
			);
			defaultConfigurationIsVisible = 0;
			defaultConfigurationName = Release;
		};
		8DFFFE0A22C1A2DC00BD6509 /* Build configuration list for PBXNativeTarget "IntroducingCombine" */ = {
			isa = XCConfigurationList;
			buildConfigurations = (
				8DFFFE0B22C1A2DC00BD6509 /* Debug */,
				8DFFFE0C22C1A2DC00BD6509 /* Release */,
			);
			defaultConfigurationIsVisible = 0;
			defaultConfigurationName = Release;
		};
/* End XCConfigurationList section */
	};
	rootObject = 8DFFFDEE22C1A2DA00BD6509 /* Project object */;
}
